
Microsoft Visual Studio Solution File, Format Version 12.00
# Visual Studio Version 16
VisualStudioVersion = 16.0.31702.278
MinimumVisualStudioVersion = 10.0.40219.1
Project("{FAE04EC0-301F-11D3-BF4B-00C04F79EFBC}") = "ConsoleApp1", "ConsoleApp1.csproj", "{45948C99-BB9B-403C-A49E-264EFFA22C64}"
EndProject
Project("{9A19103F-16F7-4668-BE54-9A1E7A4F7556}") = "SoulsFormats", "G:\Downloads\SoulsFormats-master (2)\SoulsFormats-master\SoulsFormats\SoulsFormats.csproj", "{8B032DE0-C854-4811-A6A9-D00B12AC568C}"
EndProject
Global
	GlobalSection(SolutionConfigurationPlatforms) = preSolution
		Debug|Any CPU = Debug|Any CPU
		Release|Any CPU = Release|Any CPU
	EndGlobalSection
	GlobalSection(ProjectConfigurationPlatforms) = postSolution
		{45948C99-BB9B-403C-A49E-264EFFA22C64}.Debug|Any CPU.ActiveCfg = Debug|Any CPU
		{45948C99-BB9B-403C-A49E-264EFFA22C64}.Debug|Any CPU.Build.0 = Debug|Any CPU
		{45948C99-BB9B-403C-A49E-264EFFA22C64}.Release|Any CPU.ActiveCfg = Release|Any CPU
		{45948C99-BB9B-403C-A49E-264EFFA22C64}.Release|Any CPU.Build.0 = Release|Any CPU
		{8B032DE0-C854-4811-A6A9-D00B12AC568C}.Debug|Any CPU.ActiveCfg = Debug|Any CPU
		{8B032DE0-C854-4811-A6A9-D00B12AC568C}.Debug|Any CPU.Build.0 = Debug|Any CPU
		{8B032DE0-C854-4811-A6A9-D00B12AC568C}.Release|Any CPU.ActiveCfg = Release|Any CPU
		{8B032DE0-C854-4811-A6A9-D00B12AC568C}.Release|Any CPU.Build.0 = Release|Any CPU
	EndGlobalSection
	GlobalSection(SolutionProperties) = preSolution
		HideSolutionNode = FALSE
	EndGlobalSection
	GlobalSection(ExtensibilityGlobals) = postSolution
		SolutionGuid = {3D32094E-2382-4136-9F6C-3456D072FDB2}
	EndGlobalSection
EndGlobal
